
Microsoft Visual Studio Solution File, Format Version 12.00
# Visual Studio Version 16
VisualStudioVersion = 16.0.30320.27
MinimumVisualStudioVersion = 10.0.40219.1
Project("{9A19103F-16F7-4668-BE54-9A1E7A4F7556}") = "EulerUtils", "EulerMasterProject\EulerUtils.csproj", "{8EADE714-BF82-4031-8EBD-73B6B9A33FD1}"
EndProject
Project("{9A19103F-16F7-4668-BE54-9A1E7A4F7556}") = "Euler4", "Euler4\Euler4.csproj", "{BA82033F-B123-4279-9364-75349D6194C8}"
EndProject
Project("{9A19103F-16F7-4668-BE54-9A1E7A4F7556}") = "Euler5", "Euler5\Euler5.csproj", "{5926F5AA-0638-45F8-A5C1-CEFF51CC615C}"
EndProject
Project("{9A19103F-16F7-4668-BE54-9A1E7A4F7556}") = "Euler6", "Euler6\Euler6.csproj", "{9BE177CB-26FB-46F8-9F1C-D772CBAB69DE}"
EndProject
Project("{9A19103F-16F7-4668-BE54-9A1E7A4F7556}") = "Euler7 - 10001st Prime", "Euler7\Euler7 - 10001st Prime.csproj", "{8716C13D-BC23-4658-821A-0DBB7CA01927}"
EndProject
Project("{9A19103F-16F7-4668-BE54-9A1E7A4F7556}") = "Euler8 - Largest Product in Series", "Euler8 - Largest Product in Series\Euler8 - Largest Product in Series.csproj", "{00E43A95-324A-4173-B6B1-F9C8F0E3EF61}"
EndProject
Project("{9A19103F-16F7-4668-BE54-9A1E7A4F7556}") = "Euler9 - Special Pythagorean triplet", "Euler9 - Special Pythagorean triplet\Euler9 - Special Pythagorean triplet.csproj", "{48FAA801-CDA7-48C2-AE5A-09B4ABFB72CD}"
EndProject
Project("{9A19103F-16F7-4668-BE54-9A1E7A4F7556}") = "Euler10 - Summation of primes", "Euler10 - Summation of primes\Euler10 - Summation of primes.csproj", "{BD4E4F96-1EDE-4635-BAFE-069B57E78536}"
EndProject
Project("{9A19103F-16F7-4668-BE54-9A1E7A4F7556}") = "Euler11LargestProductInGrid", "Euler11LargestProductInGrid\Euler11LargestProductInGrid.csproj", "{44DC5C46-CA25-483E-AD9C-62123C19D5BD}"
EndProject
Project("{9A19103F-16F7-4668-BE54-9A1E7A4F7556}") = "Euler11LargestProductInGridV2", "Euler11LargestProductInGridV2\Euler11LargestProductInGridV2.csproj", "{199E5D2D-EC3D-406D-8399-BEEA795156E7}"
EndProject
Project("{9A19103F-16F7-4668-BE54-9A1E7A4F7556}") = "Euler12HighlyDivisibleTriangularNumber", "Euler12HighlyDivisibleTriangularNumber\Euler12HighlyDivisibleTriangularNumber.csproj", "{966F0F43-0DA5-4BB4-B2AC-0158AA3505B5}"
EndProject
Project("{9A19103F-16F7-4668-BE54-9A1E7A4F7556}") = "Euler13LargeSum", "Euler13LargeSum\Euler13LargeSum.csproj", "{2D75D084-956C-4E9E-95E9-7FB9E28F843A}"
EndProject
Project("{9A19103F-16F7-4668-BE54-9A1E7A4F7556}") = "Euler14LongestCollatzSequence", "Euler14LongestCollatzSequence\Euler14LongestCollatzSequence.csproj", "{A0DF2A5A-17E2-42F0-B064-5F7183BA2C0D}"
EndProject
Project("{9A19103F-16F7-4668-BE54-9A1E7A4F7556}") = "Euler15LatticePaths", "Euler15LatticePaths\Euler15LatticePaths.csproj", "{D7582397-470C-4C04-8A4F-FEA447F0D497}"
EndProject
Project("{9A19103F-16F7-4668-BE54-9A1E7A4F7556}") = "Euler16PowerDigitSum", "Euler16PowerDigitSum\Euler16PowerDigitSum.csproj", "{621DF170-E681-4462-B7CA-13434F2ABDC7}"
EndProject
Project("{9A19103F-16F7-4668-BE54-9A1E7A4F7556}") = "Euler1V2UsingPEDAC", "Euler1V2UsingPEDAC\Euler1V2UsingPEDAC.csproj", "{DFCFDE7C-F3C0-4773-AC38-CD4253ED11E9}"
EndProject
Project("{9A19103F-16F7-4668-BE54-9A1E7A4F7556}") = "Euler2V2", "Euler2V2\Euler2V2.csproj", "{1B949B93-B45F-4EFB-87B3-785F6F53135A}"
EndProject
Project("{9A19103F-16F7-4668-BE54-9A1E7A4F7556}") = "Euler1", "Euler1\Euler1\Euler1.csproj", "{3D4E9A48-AD9D-44CB-81B4-D3E1153939D7}"
EndProject
Project("{9A19103F-16F7-4668-BE54-9A1E7A4F7556}") = "Euler2", "Euler2\Euler2\Euler2.csproj", "{CAD55A24-2242-41C1-B15E-864B116C2C2E}"
EndProject
Project("{9A19103F-16F7-4668-BE54-9A1E7A4F7556}") = "Euler3", "Euler3\Euler3\Euler3.csproj", "{1D8E171C-4424-4EA3-82DE-EE1E27F492E6}"
EndProject
Project("{FAE04EC0-301F-11D3-BF4B-00C04F79EFBC}") = "Euler3LargestPrimeFactor", "Euler3LargestPrimeFactor\Euler3LargestPrimeFactor.csproj", "{001EBEE7-3C0D-48A5-83DF-E76819AF0500}"
EndProject
Global
	GlobalSection(SolutionConfigurationPlatforms) = preSolution
		Debug|Any CPU = Debug|Any CPU
		Debug|x64 = Debug|x64
		Debug|x86 = Debug|x86
		Release|Any CPU = Release|Any CPU
		Release|x64 = Release|x64
		Release|x86 = Release|x86
	EndGlobalSection
	GlobalSection(ProjectConfigurationPlatforms) = postSolution
		{8EADE714-BF82-4031-8EBD-73B6B9A33FD1}.Debug|Any CPU.ActiveCfg = Debug|Any CPU
		{8EADE714-BF82-4031-8EBD-73B6B9A33FD1}.Debug|Any CPU.Build.0 = Debug|Any CPU
		{8EADE714-BF82-4031-8EBD-73B6B9A33FD1}.Debug|x64.ActiveCfg = Debug|Any CPU
		{8EADE714-BF82-4031-8EBD-73B6B9A33FD1}.Debug|x64.Build.0 = Debug|Any CPU
		{8EADE714-BF82-4031-8EBD-73B6B9A33FD1}.Debug|x86.ActiveCfg = Debug|Any CPU
		{8EADE714-BF82-4031-8EBD-73B6B9A33FD1}.Debug|x86.Build.0 = Debug|Any CPU
		{8EADE714-BF82-4031-8EBD-73B6B9A33FD1}.Release|Any CPU.ActiveCfg = Release|Any CPU
		{8EADE714-BF82-4031-8EBD-73B6B9A33FD1}.Release|Any CPU.Build.0 = Release|Any CPU
		{8EADE714-BF82-4031-8EBD-73B6B9A33FD1}.Release|x64.ActiveCfg = Release|Any CPU
		{8EADE714-BF82-4031-8EBD-73B6B9A33FD1}.Release|x64.Build.0 = Release|Any CPU
		{8EADE714-BF82-4031-8EBD-73B6B9A33FD1}.Release|x86.ActiveCfg = Release|Any CPU
		{8EADE714-BF82-4031-8EBD-73B6B9A33FD1}.Release|x86.Build.0 = Release|Any CPU
		{BA82033F-B123-4279-9364-75349D6194C8}.Debug|Any CPU.ActiveCfg = Debug|Any CPU
		{BA82033F-B123-4279-9364-75349D6194C8}.Debug|Any CPU.Build.0 = Debug|Any CPU
		{BA82033F-B123-4279-9364-75349D6194C8}.Debug|x64.ActiveCfg = Debug|Any CPU
		{BA82033F-B123-4279-9364-75349D6194C8}.Debug|x64.Build.0 = Debug|Any CPU
		{BA82033F-B123-4279-9364-75349D6194C8}.Debug|x86.ActiveCfg = Debug|Any CPU
		{BA82033F-B123-4279-9364-75349D6194C8}.Debug|x86.Build.0 = Debug|Any CPU
		{BA82033F-B123-4279-9364-75349D6194C8}.Release|Any CPU.ActiveCfg = Release|Any CPU
		{BA82033F-B123-4279-9364-75349D6194C8}.Release|Any CPU.Build.0 = Release|Any CPU
		{BA82033F-B123-4279-9364-75349D6194C8}.Release|x64.ActiveCfg = Release|Any CPU
		{BA82033F-B123-4279-9364-75349D6194C8}.Release|x64.Build.0 = Release|Any CPU
		{BA82033F-B123-4279-9364-75349D6194C8}.Release|x86.ActiveCfg = Release|Any CPU
		{BA82033F-B123-4279-9364-75349D6194C8}.Release|x86.Build.0 = Release|Any CPU
		{5926F5AA-0638-45F8-A5C1-CEFF51CC615C}.Debug|Any CPU.ActiveCfg = Debug|Any CPU
		{5926F5AA-0638-45F8-A5C1-CEFF51CC615C}.Debug|Any CPU.Build.0 = Debug|Any CPU
		{5926F5AA-0638-45F8-A5C1-CEFF51CC615C}.Debug|x64.ActiveCfg = Debug|Any CPU
		{5926F5AA-0638-45F8-A5C1-CEFF51CC615C}.Debug|x64.Build.0 = Debug|Any CPU
		{5926F5AA-0638-45F8-A5C1-CEFF51CC615C}.Debug|x86.ActiveCfg = Debug|Any CPU
		{5926F5AA-0638-45F8-A5C1-CEFF51CC615C}.Debug|x86.Build.0 = Debug|Any CPU
		{5926F5AA-0638-45F8-A5C1-CEFF51CC615C}.Release|Any CPU.ActiveCfg = Release|Any CPU
		{5926F5AA-0638-45F8-A5C1-CEFF51CC615C}.Release|Any CPU.Build.0 = Release|Any CPU
		{5926F5AA-0638-45F8-A5C1-CEFF51CC615C}.Release|x64.ActiveCfg = Release|Any CPU
		{5926F5AA-0638-45F8-A5C1-CEFF51CC615C}.Release|x64.Build.0 = Release|Any CPU
		{5926F5AA-0638-45F8-A5C1-CEFF51CC615C}.Release|x86.ActiveCfg = Release|Any CPU
		{5926F5AA-0638-45F8-A5C1-CEFF51CC615C}.Release|x86.Build.0 = Release|Any CPU
		{9BE177CB-26FB-46F8-9F1C-D772CBAB69DE}.Debug|Any CPU.ActiveCfg = Debug|Any CPU
		{9BE177CB-26FB-46F8-9F1C-D772CBAB69DE}.Debug|Any CPU.Build.0 = Debug|Any CPU
		{9BE177CB-26FB-46F8-9F1C-D772CBAB69DE}.Debug|x64.ActiveCfg = Debug|Any CPU
		{9BE177CB-26FB-46F8-9F1C-D772CBAB69DE}.Debug|x64.Build.0 = Debug|Any CPU
		{9BE177CB-26FB-46F8-9F1C-D772CBAB69DE}.Debug|x86.ActiveCfg = Debug|Any CPU
		{9BE177CB-26FB-46F8-9F1C-D772CBAB69DE}.Debug|x86.Build.0 = Debug|Any CPU
		{9BE177CB-26FB-46F8-9F1C-D772CBAB69DE}.Release|Any CPU.ActiveCfg = Release|Any CPU
		{9BE177CB-26FB-46F8-9F1C-D772CBAB69DE}.Release|Any CPU.Build.0 = Release|Any CPU
		{9BE177CB-26FB-46F8-9F1C-D772CBAB69DE}.Release|x64.ActiveCfg = Release|Any CPU
		{9BE177CB-26FB-46F8-9F1C-D772CBAB69DE}.Release|x64.Build.0 = Release|Any CPU
		{9BE177CB-26FB-46F8-9F1C-D772CBAB69DE}.Release|x86.ActiveCfg = Release|Any CPU
		{9BE177CB-26FB-46F8-9F1C-D772CBAB69DE}.Release|x86.Build.0 = Release|Any CPU
		{8716C13D-BC23-4658-821A-0DBB7CA01927}.Debug|Any CPU.ActiveCfg = Debug|Any CPU
		{8716C13D-BC23-4658-821A-0DBB7CA01927}.Debug|Any CPU.Build.0 = Debug|Any CPU
		{8716C13D-BC23-4658-821A-0DBB7CA01927}.Debug|x64.ActiveCfg = Debug|Any CPU
		{8716C13D-BC23-4658-821A-0DBB7CA01927}.Debug|x64.Build.0 = Debug|Any CPU
		{8716C13D-BC23-4658-821A-0DBB7CA01927}.Debug|x86.ActiveCfg = Debug|Any CPU
		{8716C13D-BC23-4658-821A-0DBB7CA01927}.Debug|x86.Build.0 = Debug|Any CPU
		{8716C13D-BC23-4658-821A-0DBB7CA01927}.Release|Any CPU.ActiveCfg = Release|Any CPU
		{8716C13D-BC23-4658-821A-0DBB7CA01927}.Release|Any CPU.Build.0 = Release|Any CPU
		{8716C13D-BC23-4658-821A-0DBB7CA01927}.Release|x64.ActiveCfg = Release|Any CPU
		{8716C13D-BC23-4658-821A-0DBB7CA01927}.Release|x64.Build.0 = Release|Any CPU
		{8716C13D-BC23-4658-821A-0DBB7CA01927}.Release|x86.ActiveCfg = Release|Any CPU
		{8716C13D-BC23-4658-821A-0DBB7CA01927}.Release|x86.Build.0 = Release|Any CPU
		{00E43A95-324A-4173-B6B1-F9C8F0E3EF61}.Debug|Any CPU.ActiveCfg = Debug|Any CPU
		{00E43A95-324A-4173-B6B1-F9C8F0E3EF61}.Debug|Any CPU.Build.0 = Debug|Any CPU
		{00E43A95-324A-4173-B6B1-F9C8F0E3EF61}.Debug|x64.ActiveCfg = Debug|Any CPU
		{00E43A95-324A-4173-B6B1-F9C8F0E3EF61}.Debug|x64.Build.0 = Debug|Any CPU
		{00E43A95-324A-4173-B6B1-F9C8F0E3EF61}.Debug|x86.ActiveCfg = Debug|Any CPU
		{00E43A95-324A-4173-B6B1-F9C8F0E3EF61}.Debug|x86.Build.0 = Debug|Any CPU
		{00E43A95-324A-4173-B6B1-F9C8F0E3EF61}.Release|Any CPU.ActiveCfg = Release|Any CPU
		{00E43A95-324A-4173-B6B1-F9C8F0E3EF61}.Release|Any CPU.Build.0 = Release|Any CPU
		{00E43A95-324A-4173-B6B1-F9C8F0E3EF61}.Release|x64.ActiveCfg = Release|Any CPU
		{00E43A95-324A-4173-B6B1-F9C8F0E3EF61}.Release|x64.Build.0 = Release|Any CPU
		{00E43A95-324A-4173-B6B1-F9C8F0E3EF61}.Release|x86.ActiveCfg = Release|Any CPU
		{00E43A95-324A-4173-B6B1-F9C8F0E3EF61}.Release|x86.Build.0 = Release|Any CPU
		{48FAA801-CDA7-48C2-AE5A-09B4ABFB72CD}.Debug|Any CPU.ActiveCfg = Debug|Any CPU
		{48FAA801-CDA7-48C2-AE5A-09B4ABFB72CD}.Debug|Any CPU.Build.0 = Debug|Any CPU
		{48FAA801-CDA7-48C2-AE5A-09B4ABFB72CD}.Debug|x64.ActiveCfg = Debug|Any CPU
		{48FAA801-CDA7-48C2-AE5A-09B4ABFB72CD}.Debug|x64.Build.0 = Debug|Any CPU
		{48FAA801-CDA7-48C2-AE5A-09B4ABFB72CD}.Debug|x86.ActiveCfg = Debug|Any CPU
		{48FAA801-CDA7-48C2-AE5A-09B4ABFB72CD}.Debug|x86.Build.0 = Debug|Any CPU
		{48FAA801-CDA7-48C2-AE5A-09B4ABFB72CD}.Release|Any CPU.ActiveCfg = Release|Any CPU
		{48FAA801-CDA7-48C2-AE5A-09B4ABFB72CD}.Release|Any CPU.Build.0 = Release|Any CPU
		{48FAA801-CDA7-48C2-AE5A-09B4ABFB72CD}.Release|x64.ActiveCfg = Release|Any CPU
		{48FAA801-CDA7-48C2-AE5A-09B4ABFB72CD}.Release|x64.Build.0 = Release|Any CPU
		{48FAA801-CDA7-48C2-AE5A-09B4ABFB72CD}.Release|x86.ActiveCfg = Release|Any CPU
		{48FAA801-CDA7-48C2-AE5A-09B4ABFB72CD}.Release|x86.Build.0 = Release|Any CPU
		{BD4E4F96-1EDE-4635-BAFE-069B57E78536}.Debug|Any CPU.ActiveCfg = Debug|Any CPU
		{BD4E4F96-1EDE-4635-BAFE-069B57E78536}.Debug|Any CPU.Build.0 = Debug|Any CPU
		{BD4E4F96-1EDE-4635-BAFE-069B57E78536}.Debug|x64.ActiveCfg = Debug|Any CPU
		{BD4E4F96-1EDE-4635-BAFE-069B57E78536}.Debug|x64.Build.0 = Debug|Any CPU
		{BD4E4F96-1EDE-4635-BAFE-069B57E78536}.Debug|x86.ActiveCfg = Debug|Any CPU
		{BD4E4F96-1EDE-4635-BAFE-069B57E78536}.Debug|x86.Build.0 = Debug|Any CPU
		{BD4E4F96-1EDE-4635-BAFE-069B57E78536}.Release|Any CPU.ActiveCfg = Release|Any CPU
		{BD4E4F96-1EDE-4635-BAFE-069B57E78536}.Release|Any CPU.Build.0 = Release|Any CPU
		{BD4E4F96-1EDE-4635-BAFE-069B57E78536}.Release|x64.ActiveCfg = Release|Any CPU
		{BD4E4F96-1EDE-4635-BAFE-069B57E78536}.Release|x64.Build.0 = Release|Any CPU
		{BD4E4F96-1EDE-4635-BAFE-069B57E78536}.Release|x86.ActiveCfg = Release|Any CPU
		{BD4E4F96-1EDE-4635-BAFE-069B57E78536}.Release|x86.Build.0 = Release|Any CPU
		{44DC5C46-CA25-483E-AD9C-62123C19D5BD}.Debug|Any CPU.ActiveCfg = Debug|Any CPU
		{44DC5C46-CA25-483E-AD9C-62123C19D5BD}.Debug|Any CPU.Build.0 = Debug|Any CPU
		{44DC5C46-CA25-483E-AD9C-62123C19D5BD}.Debug|x64.ActiveCfg = Debug|Any CPU
		{44DC5C46-CA25-483E-AD9C-62123C19D5BD}.Debug|x64.Build.0 = Debug|Any CPU
		{44DC5C46-CA25-483E-AD9C-62123C19D5BD}.Debug|x86.ActiveCfg = Debug|Any CPU
		{44DC5C46-CA25-483E-AD9C-62123C19D5BD}.Debug|x86.Build.0 = Debug|Any CPU
		{44DC5C46-CA25-483E-AD9C-62123C19D5BD}.Release|Any CPU.ActiveCfg = Release|Any CPU
		{44DC5C46-CA25-483E-AD9C-62123C19D5BD}.Release|Any CPU.Build.0 = Release|Any CPU
		{44DC5C46-CA25-483E-AD9C-62123C19D5BD}.Release|x64.ActiveCfg = Release|Any CPU
		{44DC5C46-CA25-483E-AD9C-62123C19D5BD}.Release|x64.Build.0 = Release|Any CPU
		{44DC5C46-CA25-483E-AD9C-62123C19D5BD}.Release|x86.ActiveCfg = Release|Any CPU
		{44DC5C46-CA25-483E-AD9C-62123C19D5BD}.Release|x86.Build.0 = Release|Any CPU
		{199E5D2D-EC3D-406D-8399-BEEA795156E7}.Debug|Any CPU.ActiveCfg = Debug|Any CPU
		{199E5D2D-EC3D-406D-8399-BEEA795156E7}.Debug|Any CPU.Build.0 = Debug|Any CPU
		{199E5D2D-EC3D-406D-8399-BEEA795156E7}.Debug|x64.ActiveCfg = Debug|Any CPU
		{199E5D2D-EC3D-406D-8399-BEEA795156E7}.Debug|x64.Build.0 = Debug|Any CPU
		{199E5D2D-EC3D-406D-8399-BEEA795156E7}.Debug|x86.ActiveCfg = Debug|Any CPU
		{199E5D2D-EC3D-406D-8399-BEEA795156E7}.Debug|x86.Build.0 = Debug|Any CPU
		{199E5D2D-EC3D-406D-8399-BEEA795156E7}.Release|Any CPU.ActiveCfg = Release|Any CPU
		{199E5D2D-EC3D-406D-8399-BEEA795156E7}.Release|Any CPU.Build.0 = Release|Any CPU
		{199E5D2D-EC3D-406D-8399-BEEA795156E7}.Release|x64.ActiveCfg = Release|Any CPU
		{199E5D2D-EC3D-406D-8399-BEEA795156E7}.Release|x64.Build.0 = Release|Any CPU
		{199E5D2D-EC3D-406D-8399-BEEA795156E7}.Release|x86.ActiveCfg = Release|Any CPU
		{199E5D2D-EC3D-406D-8399-BEEA795156E7}.Release|x86.Build.0 = Release|Any CPU
		{966F0F43-0DA5-4BB4-B2AC-0158AA3505B5}.Debug|Any CPU.ActiveCfg = Debug|Any CPU
		{966F0F43-0DA5-4BB4-B2AC-0158AA3505B5}.Debug|Any CPU.Build.0 = Debug|Any CPU
		{966F0F43-0DA5-4BB4-B2AC-0158AA3505B5}.Debug|x64.ActiveCfg = Debug|Any CPU
		{966F0F43-0DA5-4BB4-B2AC-0158AA3505B5}.Debug|x64.Build.0 = Debug|Any CPU
		{966F0F43-0DA5-4BB4-B2AC-0158AA3505B5}.Debug|x86.ActiveCfg = Debug|Any CPU
		{966F0F43-0DA5-4BB4-B2AC-0158AA3505B5}.Debug|x86.Build.0 = Debug|Any CPU
		{966F0F43-0DA5-4BB4-B2AC-0158AA3505B5}.Release|Any CPU.ActiveCfg = Release|Any CPU
		{966F0F43-0DA5-4BB4-B2AC-0158AA3505B5}.Release|Any CPU.Build.0 = Release|Any CPU
		{966F0F43-0DA5-4BB4-B2AC-0158AA3505B5}.Release|x64.ActiveCfg = Release|Any CPU
		{966F0F43-0DA5-4BB4-B2AC-0158AA3505B5}.Release|x64.Build.0 = Release|Any CPU
		{966F0F43-0DA5-4BB4-B2AC-0158AA3505B5}.Release|x86.ActiveCfg = Release|Any CPU
		{966F0F43-0DA5-4BB4-B2AC-0158AA3505B5}.Release|x86.Build.0 = Release|Any CPU
		{2D75D084-956C-4E9E-95E9-7FB9E28F843A}.Debug|Any CPU.ActiveCfg = Debug|Any CPU
		{2D75D084-956C-4E9E-95E9-7FB9E28F843A}.Debug|Any CPU.Build.0 = Debug|Any CPU
		{2D75D084-956C-4E9E-95E9-7FB9E28F843A}.Debug|x64.ActiveCfg = Debug|Any CPU
		{2D75D084-956C-4E9E-95E9-7FB9E28F843A}.Debug|x64.Build.0 = Debug|Any CPU
		{2D75D084-956C-4E9E-95E9-7FB9E28F843A}.Debug|x86.ActiveCfg = Debug|Any CPU
		{2D75D084-956C-4E9E-95E9-7FB9E28F843A}.Debug|x86.Build.0 = Debug|Any CPU
		{2D75D084-956C-4E9E-95E9-7FB9E28F843A}.Release|Any CPU.ActiveCfg = Release|Any CPU
		{2D75D084-956C-4E9E-95E9-7FB9E28F843A}.Release|Any CPU.Build.0 = Release|Any CPU
		{2D75D084-956C-4E9E-95E9-7FB9E28F843A}.Release|x64.ActiveCfg = Release|Any CPU
		{2D75D084-956C-4E9E-95E9-7FB9E28F843A}.Release|x64.Build.0 = Release|Any CPU
		{2D75D084-956C-4E9E-95E9-7FB9E28F843A}.Release|x86.ActiveCfg = Release|Any CPU
		{2D75D084-956C-4E9E-95E9-7FB9E28F843A}.Release|x86.Build.0 = Release|Any CPU
		{A0DF2A5A-17E2-42F0-B064-5F7183BA2C0D}.Debug|Any CPU.ActiveCfg = Debug|Any CPU
		{A0DF2A5A-17E2-42F0-B064-5F7183BA2C0D}.Debug|Any CPU.Build.0 = Debug|Any CPU
		{A0DF2A5A-17E2-42F0-B064-5F7183BA2C0D}.Debug|x64.ActiveCfg = Debug|Any CPU
		{A0DF2A5A-17E2-42F0-B064-5F7183BA2C0D}.Debug|x64.Build.0 = Debug|Any CPU
		{A0DF2A5A-17E2-42F0-B064-5F7183BA2C0D}.Debug|x86.ActiveCfg = Debug|Any CPU
		{A0DF2A5A-17E2-42F0-B064-5F7183BA2C0D}.Debug|x86.Build.0 = Debug|Any CPU
		{A0DF2A5A-17E2-42F0-B064-5F7183BA2C0D}.Release|Any CPU.ActiveCfg = Release|Any CPU
		{A0DF2A5A-17E2-42F0-B064-5F7183BA2C0D}.Release|Any CPU.Build.0 = Release|Any CPU
		{A0DF2A5A-17E2-42F0-B064-5F7183BA2C0D}.Release|x64.ActiveCfg = Release|Any CPU
		{A0DF2A5A-17E2-42F0-B064-5F7183BA2C0D}.Release|x64.Build.0 = Release|Any CPU
		{A0DF2A5A-17E2-42F0-B064-5F7183BA2C0D}.Release|x86.ActiveCfg = Release|Any CPU
		{A0DF2A5A-17E2-42F0-B064-5F7183BA2C0D}.Release|x86.Build.0 = Release|Any CPU
		{D7582397-470C-4C04-8A4F-FEA447F0D497}.Debug|Any CPU.ActiveCfg = Debug|Any CPU
		{D7582397-470C-4C04-8A4F-FEA447F0D497}.Debug|Any CPU.Build.0 = Debug|Any CPU
		{D7582397-470C-4C04-8A4F-FEA447F0D497}.Debug|x64.ActiveCfg = Debug|Any CPU
		{D7582397-470C-4C04-8A4F-FEA447F0D497}.Debug|x64.Build.0 = Debug|Any CPU
		{D7582397-470C-4C04-8A4F-FEA447F0D497}.Debug|x86.ActiveCfg = Debug|Any CPU
		{D7582397-470C-4C04-8A4F-FEA447F0D497}.Debug|x86.Build.0 = Debug|Any CPU
		{D7582397-470C-4C04-8A4F-FEA447F0D497}.Release|Any CPU.ActiveCfg = Release|Any CPU
		{D7582397-470C-4C04-8A4F-FEA447F0D497}.Release|Any CPU.Build.0 = Release|Any CPU
		{D7582397-470C-4C04-8A4F-FEA447F0D497}.Release|x64.ActiveCfg = Release|Any CPU
		{D7582397-470C-4C04-8A4F-FEA447F0D497}.Release|x64.Build.0 = Release|Any CPU
		{D7582397-470C-4C04-8A4F-FEA447F0D497}.Release|x86.ActiveCfg = Release|Any CPU
		{D7582397-470C-4C04-8A4F-FEA447F0D497}.Release|x86.Build.0 = Release|Any CPU
		{621DF170-E681-4462-B7CA-13434F2ABDC7}.Debug|Any CPU.ActiveCfg = Debug|Any CPU
		{621DF170-E681-4462-B7CA-13434F2ABDC7}.Debug|Any CPU.Build.0 = Debug|Any CPU
		{621DF170-E681-4462-B7CA-13434F2ABDC7}.Debug|x64.ActiveCfg = Debug|Any CPU
		{621DF170-E681-4462-B7CA-13434F2ABDC7}.Debug|x64.Build.0 = Debug|Any CPU
		{621DF170-E681-4462-B7CA-13434F2ABDC7}.Debug|x86.ActiveCfg = Debug|Any CPU
		{621DF170-E681-4462-B7CA-13434F2ABDC7}.Debug|x86.Build.0 = Debug|Any CPU
		{621DF170-E681-4462-B7CA-13434F2ABDC7}.Release|Any CPU.ActiveCfg = Release|Any CPU
		{621DF170-E681-4462-B7CA-13434F2ABDC7}.Release|Any CPU.Build.0 = Release|Any CPU
		{621DF170-E681-4462-B7CA-13434F2ABDC7}.Release|x64.ActiveCfg = Release|Any CPU
		{621DF170-E681-4462-B7CA-13434F2ABDC7}.Release|x64.Build.0 = Release|Any CPU
		{621DF170-E681-4462-B7CA-13434F2ABDC7}.Release|x86.ActiveCfg = Release|Any CPU
		{621DF170-E681-4462-B7CA-13434F2ABDC7}.Release|x86.Build.0 = Release|Any CPU
		{DFCFDE7C-F3C0-4773-AC38-CD4253ED11E9}.Debug|Any CPU.ActiveCfg = Debug|Any CPU
		{DFCFDE7C-F3C0-4773-AC38-CD4253ED11E9}.Debug|Any CPU.Build.0 = Debug|Any CPU
		{DFCFDE7C-F3C0-4773-AC38-CD4253ED11E9}.Debug|x64.ActiveCfg = Debug|Any CPU
		{DFCFDE7C-F3C0-4773-AC38-CD4253ED11E9}.Debug|x64.Build.0 = Debug|Any CPU
		{DFCFDE7C-F3C0-4773-AC38-CD4253ED11E9}.Debug|x86.ActiveCfg = Debug|Any CPU
		{DFCFDE7C-F3C0-4773-AC38-CD4253ED11E9}.Debug|x86.Build.0 = Debug|Any CPU
		{DFCFDE7C-F3C0-4773-AC38-CD4253ED11E9}.Release|Any CPU.ActiveCfg = Release|Any CPU
		{DFCFDE7C-F3C0-4773-AC38-CD4253ED11E9}.Release|Any CPU.Build.0 = Release|Any CPU
		{DFCFDE7C-F3C0-4773-AC38-CD4253ED11E9}.Release|x64.ActiveCfg = Release|Any CPU
		{DFCFDE7C-F3C0-4773-AC38-CD4253ED11E9}.Release|x64.Build.0 = Release|Any CPU
		{DFCFDE7C-F3C0-4773-AC38-CD4253ED11E9}.Release|x86.ActiveCfg = Release|Any CPU
		{DFCFDE7C-F3C0-4773-AC38-CD4253ED11E9}.Release|x86.Build.0 = Release|Any CPU
		{1B949B93-B45F-4EFB-87B3-785F6F53135A}.Debug|Any CPU.ActiveCfg = Debug|Any CPU
		{1B949B93-B45F-4EFB-87B3-785F6F53135A}.Debug|Any CPU.Build.0 = Debug|Any CPU
		{1B949B93-B45F-4EFB-87B3-785F6F53135A}.Debug|x64.ActiveCfg = Debug|Any CPU
		{1B949B93-B45F-4EFB-87B3-785F6F53135A}.Debug|x64.Build.0 = Debug|Any CPU
		{1B949B93-B45F-4EFB-87B3-785F6F53135A}.Debug|x86.ActiveCfg = Debug|Any CPU
		{1B949B93-B45F-4EFB-87B3-785F6F53135A}.Debug|x86.Build.0 = Debug|Any CPU
		{1B949B93-B45F-4EFB-87B3-785F6F53135A}.Release|Any CPU.ActiveCfg = Release|Any CPU
		{1B949B93-B45F-4EFB-87B3-785F6F53135A}.Release|Any CPU.Build.0 = Release|Any CPU
		{1B949B93-B45F-4EFB-87B3-785F6F53135A}.Release|x64.ActiveCfg = Release|Any CPU
		{1B949B93-B45F-4EFB-87B3-785F6F53135A}.Release|x64.Build.0 = Release|Any CPU
		{1B949B93-B45F-4EFB-87B3-785F6F53135A}.Release|x86.ActiveCfg = Release|Any CPU
		{1B949B93-B45F-4EFB-87B3-785F6F53135A}.Release|x86.Build.0 = Release|Any CPU
		{3D4E9A48-AD9D-44CB-81B4-D3E1153939D7}.Debug|Any CPU.ActiveCfg = Debug|Any CPU
		{3D4E9A48-AD9D-44CB-81B4-D3E1153939D7}.Debug|Any CPU.Build.0 = Debug|Any CPU
		{3D4E9A48-AD9D-44CB-81B4-D3E1153939D7}.Debug|x64.ActiveCfg = Debug|Any CPU
		{3D4E9A48-AD9D-44CB-81B4-D3E1153939D7}.Debug|x64.Build.0 = Debug|Any CPU
		{3D4E9A48-AD9D-44CB-81B4-D3E1153939D7}.Debug|x86.ActiveCfg = Debug|Any CPU
		{3D4E9A48-AD9D-44CB-81B4-D3E1153939D7}.Debug|x86.Build.0 = Debug|Any CPU
		{3D4E9A48-AD9D-44CB-81B4-D3E1153939D7}.Release|Any CPU.ActiveCfg = Release|Any CPU
		{3D4E9A48-AD9D-44CB-81B4-D3E1153939D7}.Release|Any CPU.Build.0 = Release|Any CPU
		{3D4E9A48-AD9D-44CB-81B4-D3E1153939D7}.Release|x64.ActiveCfg = Release|Any CPU
		{3D4E9A48-AD9D-44CB-81B4-D3E1153939D7}.Release|x64.Build.0 = Release|Any CPU
		{3D4E9A48-AD9D-44CB-81B4-D3E1153939D7}.Release|x86.ActiveCfg = Release|Any CPU
		{3D4E9A48-AD9D-44CB-81B4-D3E1153939D7}.Release|x86.Build.0 = Release|Any CPU
		{CAD55A24-2242-41C1-B15E-864B116C2C2E}.Debug|Any CPU.ActiveCfg = Debug|Any CPU
		{CAD55A24-2242-41C1-B15E-864B116C2C2E}.Debug|Any CPU.Build.0 = Debug|Any CPU
		{CAD55A24-2242-41C1-B15E-864B116C2C2E}.Debug|x64.ActiveCfg = Debug|Any CPU
		{CAD55A24-2242-41C1-B15E-864B116C2C2E}.Debug|x64.Build.0 = Debug|Any CPU
		{CAD55A24-2242-41C1-B15E-864B116C2C2E}.Debug|x86.ActiveCfg = Debug|Any CPU
		{CAD55A24-2242-41C1-B15E-864B116C2C2E}.Debug|x86.Build.0 = Debug|Any CPU
		{CAD55A24-2242-41C1-B15E-864B116C2C2E}.Release|Any CPU.ActiveCfg = Release|Any CPU
		{CAD55A24-2242-41C1-B15E-864B116C2C2E}.Release|Any CPU.Build.0 = Release|Any CPU
		{CAD55A24-2242-41C1-B15E-864B116C2C2E}.Release|x64.ActiveCfg = Release|Any CPU
		{CAD55A24-2242-41C1-B15E-864B116C2C2E}.Release|x64.Build.0 = Release|Any CPU
		{CAD55A24-2242-41C1-B15E-864B116C2C2E}.Release|x86.ActiveCfg = Release|Any CPU
		{CAD55A24-2242-41C1-B15E-864B116C2C2E}.Release|x86.Build.0 = Release|Any CPU
		{1D8E171C-4424-4EA3-82DE-EE1E27F492E6}.Debug|Any CPU.ActiveCfg = Debug|Any CPU
		{1D8E171C-4424-4EA3-82DE-EE1E27F492E6}.Debug|Any CPU.Build.0 = Debug|Any CPU
		{1D8E171C-4424-4EA3-82DE-EE1E27F492E6}.Debug|x64.ActiveCfg = Debug|Any CPU
		{1D8E171C-4424-4EA3-82DE-EE1E27F492E6}.Debug|x64.Build.0 = Debug|Any CPU
		{1D8E171C-4424-4EA3-82DE-EE1E27F492E6}.Debug|x86.ActiveCfg = Debug|Any CPU
		{1D8E171C-4424-4EA3-82DE-EE1E27F492E6}.Debug|x86.Build.0 = Debug|Any CPU
		{1D8E171C-4424-4EA3-82DE-EE1E27F492E6}.Release|Any CPU.ActiveCfg = Release|Any CPU
		{1D8E171C-4424-4EA3-82DE-EE1E27F492E6}.Release|Any CPU.Build.0 = Release|Any CPU
		{1D8E171C-4424-4EA3-82DE-EE1E27F492E6}.Release|x64.ActiveCfg = Release|Any CPU
		{1D8E171C-4424-4EA3-82DE-EE1E27F492E6}.Release|x64.Build.0 = Release|Any CPU
		{1D8E171C-4424-4EA3-82DE-EE1E27F492E6}.Release|x86.ActiveCfg = Release|Any CPU
		{1D8E171C-4424-4EA3-82DE-EE1E27F492E6}.Release|x86.Build.0 = Release|Any CPU
		{001EBEE7-3C0D-48A5-83DF-E76819AF0500}.Debug|Any CPU.ActiveCfg = Debug|Any CPU
		{001EBEE7-3C0D-48A5-83DF-E76819AF0500}.Debug|Any CPU.Build.0 = Debug|Any CPU
		{001EBEE7-3C0D-48A5-83DF-E76819AF0500}.Debug|x64.ActiveCfg = Debug|Any CPU
		{001EBEE7-3C0D-48A5-83DF-E76819AF0500}.Debug|x64.Build.0 = Debug|Any CPU
		{001EBEE7-3C0D-48A5-83DF-E76819AF0500}.Debug|x86.ActiveCfg = Debug|Any CPU
		{001EBEE7-3C0D-48A5-83DF-E76819AF0500}.Debug|x86.Build.0 = Debug|Any CPU
		{001EBEE7-3C0D-48A5-83DF-E76819AF0500}.Release|Any CPU.ActiveCfg = Release|Any CPU
		{001EBEE7-3C0D-48A5-83DF-E76819AF0500}.Release|Any CPU.Build.0 = Release|Any CPU
		{001EBEE7-3C0D-48A5-83DF-E76819AF0500}.Release|x64.ActiveCfg = Release|Any CPU
		{001EBEE7-3C0D-48A5-83DF-E76819AF0500}.Release|x64.Build.0 = Release|Any CPU
		{001EBEE7-3C0D-48A5-83DF-E76819AF0500}.Release|x86.ActiveCfg = Release|Any CPU
		{001EBEE7-3C0D-48A5-83DF-E76819AF0500}.Release|x86.Build.0 = Release|Any CPU
	EndGlobalSection
	GlobalSection(SolutionProperties) = preSolution
		HideSolutionNode = FALSE
	EndGlobalSection
	GlobalSection(ExtensibilityGlobals) = postSolution
		SolutionGuid = {2A7EC82E-7515-4C72-B7B9-89FC72E1F8DE}
	EndGlobalSection
EndGlobal
