
Microsoft Visual Studio Solution File, Format Version 12.00
# Visual Studio Version 16
VisualStudioVersion = 16.0.30011.22
MinimumVisualStudioVersion = 10.0.40219.1
Project("{FAE04EC0-301F-11D3-BF4B-00C04F79EFBC}") = "Euler1", "Euler1\Euler1.csproj", "{831388AE-6080-408C-A509-1F5AB0D183EF}"
EndProject
Global
	GlobalSection(SolutionConfigurationPlatforms) = preSolution
		Debug|Any CPU = Debug|Any CPU
		Release|Any CPU = Release|Any CPU
	EndGlobalSection
	GlobalSection(ProjectConfigurationPlatforms) = postSolution
		{831388AE-6080-408C-A509-1F5AB0D183EF}.Debug|Any CPU.ActiveCfg = Debug|Any CPU
		{831388AE-6080-408C-A509-1F5AB0D183EF}.Debug|Any CPU.Build.0 = Debug|Any CPU
		{831388AE-6080-408C-A509-1F5AB0D183EF}.Release|Any CPU.ActiveCfg = Release|Any CPU
		{831388AE-6080-408C-A509-1F5AB0D183EF}.Release|Any CPU.Build.0 = Release|Any CPU
	EndGlobalSection
	GlobalSection(SolutionProperties) = preSolution
		HideSolutionNode = FALSE
	EndGlobalSection
	GlobalSection(ExtensibilityGlobals) = postSolution
		SolutionGuid = {1AAEF370-5540-4585-9814-B381A9E7CAC0}
	EndGlobalSection
EndGlobal
